
Microsoft Visual Studio Solution File, Format Version 12.00
# Visual Studio 15
VisualStudioVersion = 15.0.28307.572
MinimumVisualStudioVersion = 10.0.40219.1
Project("{FAE04EC0-301F-11D3-BF4B-00C04F79EFBC}") = "GitTutorial", "GitTutorial\GitTutorial.csproj", "{48E3ED49-B347-4A8D-B4E8-AE778DD3E1C6}"
EndProject
Global
	GlobalSection(SolutionConfigurationPlatforms) = preSolution
		Debug|Any CPU = Debug|Any CPU
		Release|Any CPU = Release|Any CPU
	EndGlobalSection
	GlobalSection(ProjectConfigurationPlatforms) = postSolution
		{48E3ED49-B347-4A8D-B4E8-AE778DD3E1C6}.Debug|Any CPU.ActiveCfg = Debug|Any CPU
		{48E3ED49-B347-4A8D-B4E8-AE778DD3E1C6}.Debug|Any CPU.Build.0 = Debug|Any CPU
		{48E3ED49-B347-4A8D-B4E8-AE778DD3E1C6}.Release|Any CPU.ActiveCfg = Release|Any CPU
		{48E3ED49-B347-4A8D-B4E8-AE778DD3E1C6}.Release|Any CPU.Build.0 = Release|Any CPU
	EndGlobalSection
	GlobalSection(SolutionProperties) = preSolution
		HideSolutionNode = FALSE
	EndGlobalSection
	GlobalSection(ExtensibilityGlobals) = postSolution
		SolutionGuid = {CF0D0941-7974-40F2-BAD1-4E39F124AD0C}
	EndGlobalSection
EndGlobal
